
Microsoft Visual Studio Solution File, Format Version 12.00
# Visual Studio Version 16
VisualStudioVersion = 16.0.31313.79
MinimumVisualStudioVersion = 10.0.40219.1
Project("{FAE04EC0-301F-11D3-BF4B-00C04F79EFBC}") = "Herencia - C Ej4", "Herencia - C Ej4\Herencia - C Ej4.csproj", "{BDE9EE99-9D0A-4FEF-B7C7-C5570E845905}"
EndProject
Global
	GlobalSection(SolutionConfigurationPlatforms) = preSolution
		Debug|Any CPU = Debug|Any CPU
		Release|Any CPU = Release|Any CPU
	EndGlobalSection
	GlobalSection(ProjectConfigurationPlatforms) = postSolution
		{BDE9EE99-9D0A-4FEF-B7C7-C5570E845905}.Debug|Any CPU.ActiveCfg = Debug|Any CPU
		{BDE9EE99-9D0A-4FEF-B7C7-C5570E845905}.Debug|Any CPU.Build.0 = Debug|Any CPU
		{BDE9EE99-9D0A-4FEF-B7C7-C5570E845905}.Release|Any CPU.ActiveCfg = Release|Any CPU
		{BDE9EE99-9D0A-4FEF-B7C7-C5570E845905}.Release|Any CPU.Build.0 = Release|Any CPU
	EndGlobalSection
	GlobalSection(SolutionProperties) = preSolution
		HideSolutionNode = FALSE
	EndGlobalSection
	GlobalSection(ExtensibilityGlobals) = postSolution
		SolutionGuid = {056FAB96-25D6-40D2-9FE7-283C731621EB}
	EndGlobalSection
EndGlobal
